
Microsoft Visual Studio Solution File, Format Version 12.00
Project("{FAE04EC0-301F-11D3-BF4B-00C04F79EFBC}") = "FestivalWebApp.Domain", "FestivalWebApp.Domain\FestivalWebApp.Domain.csproj", "{A0A956F9-5016-45F8-A981-BC32541C15E3}"
EndProject
Project("{FAE04EC0-301F-11D3-BF4B-00C04F79EFBC}") = "FestivalWebApp.DAL", "FestivalWebApp.DAL\FestivalWebApp.DAL.csproj", "{3C954150-D75D-40A8-8945-D60A7F8E96E2}"
EndProject
Project("{FAE04EC0-301F-11D3-BF4B-00C04F79EFBC}") = "FestivalWebApp.BLL", "FestivalWebApp.BLL\FestivalWebApp.BLL.csproj", "{A697670C-46A5-4138-B25A-854124A9F55F}"
EndProject
Project("{FAE04EC0-301F-11D3-BF4B-00C04F79EFBC}") = "FestivalWebApp.API", "FestivalWebApp.API\FestivalWebApp.API.csproj", "{27645A5C-48B6-4270-9A0A-E457CF591BBF}"
EndProject
Project("{FAE04EC0-301F-11D3-BF4B-00C04F79EFBC}") = "FestivalWebApp.BLL.Tests", "FestivalWebApp.BLL.Tests\FestivalWebApp.BLL.Tests.csproj", "{57B9FE5A-5ECE-4C75-9394-67F9B9F656B3}"
EndProject
Global
	GlobalSection(SolutionConfigurationPlatforms) = preSolution
		Debug|Any CPU = Debug|Any CPU
		Release|Any CPU = Release|Any CPU
	EndGlobalSection
	GlobalSection(ProjectConfigurationPlatforms) = postSolution
		{A0A956F9-5016-45F8-A981-BC32541C15E3}.Debug|Any CPU.ActiveCfg = Debug|Any CPU
		{A0A956F9-5016-45F8-A981-BC32541C15E3}.Debug|Any CPU.Build.0 = Debug|Any CPU
		{A0A956F9-5016-45F8-A981-BC32541C15E3}.Release|Any CPU.ActiveCfg = Release|Any CPU
		{A0A956F9-5016-45F8-A981-BC32541C15E3}.Release|Any CPU.Build.0 = Release|Any CPU
		{3C954150-D75D-40A8-8945-D60A7F8E96E2}.Debug|Any CPU.ActiveCfg = Debug|Any CPU
		{3C954150-D75D-40A8-8945-D60A7F8E96E2}.Debug|Any CPU.Build.0 = Debug|Any CPU
		{3C954150-D75D-40A8-8945-D60A7F8E96E2}.Release|Any CPU.ActiveCfg = Release|Any CPU
		{3C954150-D75D-40A8-8945-D60A7F8E96E2}.Release|Any CPU.Build.0 = Release|Any CPU
		{A697670C-46A5-4138-B25A-854124A9F55F}.Debug|Any CPU.ActiveCfg = Debug|Any CPU
		{A697670C-46A5-4138-B25A-854124A9F55F}.Debug|Any CPU.Build.0 = Debug|Any CPU
		{A697670C-46A5-4138-B25A-854124A9F55F}.Release|Any CPU.ActiveCfg = Release|Any CPU
		{A697670C-46A5-4138-B25A-854124A9F55F}.Release|Any CPU.Build.0 = Release|Any CPU
		{27645A5C-48B6-4270-9A0A-E457CF591BBF}.Debug|Any CPU.ActiveCfg = Debug|Any CPU
		{27645A5C-48B6-4270-9A0A-E457CF591BBF}.Debug|Any CPU.Build.0 = Debug|Any CPU
		{27645A5C-48B6-4270-9A0A-E457CF591BBF}.Release|Any CPU.ActiveCfg = Release|Any CPU
		{27645A5C-48B6-4270-9A0A-E457CF591BBF}.Release|Any CPU.Build.0 = Release|Any CPU
		{57B9FE5A-5ECE-4C75-9394-67F9B9F656B3}.Debug|Any CPU.ActiveCfg = Debug|Any CPU
		{57B9FE5A-5ECE-4C75-9394-67F9B9F656B3}.Debug|Any CPU.Build.0 = Debug|Any CPU
		{57B9FE5A-5ECE-4C75-9394-67F9B9F656B3}.Release|Any CPU.ActiveCfg = Release|Any CPU
		{57B9FE5A-5ECE-4C75-9394-67F9B9F656B3}.Release|Any CPU.Build.0 = Release|Any CPU
	EndGlobalSection
EndGlobal
